<?xml version="1.0" encoding="utf-8"?>
<Project ToolsVersion="4.0" xmlns="http://schemas.microsoft.com/developer/msbuild/2003">
  <ItemGroup>
    <ClCompile Include="ClientInputScreen.cpp" />
    <ClCompile Include="ClientList.cpp" />
    <ClCompile Include="flowers.cpp" />
    <ClCompile Include="Product.cpp" />
    <ClCompile Include="UserInterface.cpp" />
    <ClCompile Include="Client.cpp" />
    <ClCompile Include="waybillAddScreen.cpp" />
    <ClCompile Include="waybillList .cpp" />
    <ClCompile Include="waybillElement.cpp" />
    <ClCompile Include="ProductAddScreen.cpp" />
    <ClCompile Include="ProductList.cpp" />
  </ItemGroup>
  <ItemGroup>
    <ClInclude Include="Client.h" />
    <ClInclude Include="ClientInputScreen.h" />
    <ClInclude Include="ClientList.h" />
    <ClInclude Include="Product.h" />
    <ClInclude Include="UserInterface.h" />
    <ClInclude Include="waybillAddScreen.h" />
    <ClInclude Include="waybillList .h" />
    <ClInclude Include="waybillElement.h" />
    <ClInclude Include="ProductAddScreen.h" />
    <ClInclude Include="ProductList.h" />
  </ItemGroup>
</Project>